
Microsoft Visual Studio Solution File, Format Version 12.00
Project("{FAE04EC0-301F-11D3-BF4B-00C04F79EFBC}") = "Pho.Web", "src\Pho.Web\Pho.Web.csproj", "{19EA3622-BFCA-4B36-B951-16EB4F9B2E9D}"
EndProject
Project("{2150E333-8FDC-42A3-9474-1A3956D46DE8}") = "Solution Items", "Solution Items", "{BE82732A-A122-4648-BDAF-DCC2214DA249}"
	ProjectSection(SolutionItems) = preProject
		Dockerfile = Dockerfile
		.editorconfig = .editorconfig
	EndProjectSection
EndProject
Project("{FAE04EC0-301F-11D3-BF4B-00C04F79EFBC}") = "Pho.Core", "src\Pho.Core\Pho.Core.csproj", "{8AA35ACB-55E5-4B90-95E9-2AC4293BA37D}"
EndProject
Project("{FAE04EC0-301F-11D3-BF4B-00C04F79EFBC}") = "Pho.Infrastructure", "src\Pho.Infrastructure\Pho.Infrastructure.csproj", "{7A5AF9D2-FE8A-4E98-8D24-804530CE14C8}"
EndProject
Project("{FAE04EC0-301F-11D3-BF4B-00C04F79EFBC}") = "Pho.Web.Tests", "tests\Pho.Web.Tests\Pho.Web.Tests.csproj", "{01757942-B570-4224-872E-8C8A7CB9AD16}"
EndProject
Project("{FAE04EC0-301F-11D3-BF4B-00C04F79EFBC}") = "Pho.Core.Tests", "tests\Pho.Core.Tests\Pho.Core.Tests.csproj", "{F013D546-E18F-40A0-9CC6-25E3DB3420C0}"
EndProject
Project("{FAE04EC0-301F-11D3-BF4B-00C04F79EFBC}") = "Pho.Infrastructure.Tests", "tests\Pho.Infrastructure.Tests\Pho.Infrastructure.Tests.csproj", "{EF090253-83DF-407F-8189-8575EC2B195D}"
EndProject
Global
	GlobalSection(SolutionConfigurationPlatforms) = preSolution
		Debug|Any CPU = Debug|Any CPU
		Release|Any CPU = Release|Any CPU
	EndGlobalSection
	GlobalSection(ProjectConfigurationPlatforms) = postSolution
		{19EA3622-BFCA-4B36-B951-16EB4F9B2E9D}.Debug|Any CPU.ActiveCfg = Debug|Any CPU
		{19EA3622-BFCA-4B36-B951-16EB4F9B2E9D}.Debug|Any CPU.Build.0 = Debug|Any CPU
		{19EA3622-BFCA-4B36-B951-16EB4F9B2E9D}.Release|Any CPU.ActiveCfg = Release|Any CPU
		{19EA3622-BFCA-4B36-B951-16EB4F9B2E9D}.Release|Any CPU.Build.0 = Release|Any CPU
		{8AA35ACB-55E5-4B90-95E9-2AC4293BA37D}.Debug|Any CPU.ActiveCfg = Debug|Any CPU
		{8AA35ACB-55E5-4B90-95E9-2AC4293BA37D}.Debug|Any CPU.Build.0 = Debug|Any CPU
		{8AA35ACB-55E5-4B90-95E9-2AC4293BA37D}.Release|Any CPU.ActiveCfg = Release|Any CPU
		{8AA35ACB-55E5-4B90-95E9-2AC4293BA37D}.Release|Any CPU.Build.0 = Release|Any CPU
		{7A5AF9D2-FE8A-4E98-8D24-804530CE14C8}.Debug|Any CPU.ActiveCfg = Debug|Any CPU
		{7A5AF9D2-FE8A-4E98-8D24-804530CE14C8}.Debug|Any CPU.Build.0 = Debug|Any CPU
		{7A5AF9D2-FE8A-4E98-8D24-804530CE14C8}.Release|Any CPU.ActiveCfg = Release|Any CPU
		{7A5AF9D2-FE8A-4E98-8D24-804530CE14C8}.Release|Any CPU.Build.0 = Release|Any CPU
		{01757942-B570-4224-872E-8C8A7CB9AD16}.Debug|Any CPU.ActiveCfg = Debug|Any CPU
		{01757942-B570-4224-872E-8C8A7CB9AD16}.Debug|Any CPU.Build.0 = Debug|Any CPU
		{01757942-B570-4224-872E-8C8A7CB9AD16}.Release|Any CPU.ActiveCfg = Release|Any CPU
		{01757942-B570-4224-872E-8C8A7CB9AD16}.Release|Any CPU.Build.0 = Release|Any CPU
		{F013D546-E18F-40A0-9CC6-25E3DB3420C0}.Debug|Any CPU.ActiveCfg = Debug|Any CPU
		{F013D546-E18F-40A0-9CC6-25E3DB3420C0}.Debug|Any CPU.Build.0 = Debug|Any CPU
		{F013D546-E18F-40A0-9CC6-25E3DB3420C0}.Release|Any CPU.ActiveCfg = Release|Any CPU
		{F013D546-E18F-40A0-9CC6-25E3DB3420C0}.Release|Any CPU.Build.0 = Release|Any CPU
		{EF090253-83DF-407F-8189-8575EC2B195D}.Debug|Any CPU.ActiveCfg = Debug|Any CPU
		{EF090253-83DF-407F-8189-8575EC2B195D}.Debug|Any CPU.Build.0 = Debug|Any CPU
		{EF090253-83DF-407F-8189-8575EC2B195D}.Release|Any CPU.ActiveCfg = Release|Any CPU
		{EF090253-83DF-407F-8189-8575EC2B195D}.Release|Any CPU.Build.0 = Release|Any CPU
	EndGlobalSection
EndGlobal
